
Microsoft Visual Studio Solution File, Format Version 12.00
# Visual Studio Version 16
VisualStudioVersion = 16.0.33027.164
MinimumVisualStudioVersion = 10.0.40219.1
Project("{8BC9CEB8-8B4A-11D0-8D11-00A0C91BC942}") = "mathematica_mathlink2", "mathematica_mathlink.vcxproj", "{AA62BCCE-0E49-4637-B3B8-76C7CFD12FCE}"
EndProject
Global
	GlobalSection(SolutionConfigurationPlatforms) = preSolution
		Debug|x64 = Debug|x64
		Release|x64 = Release|x64
	EndGlobalSection
	GlobalSection(ProjectConfigurationPlatforms) = postSolution
		{AA62BCCE-0E49-4637-B3B8-76C7CFD12FCE}.Debug|x64.ActiveCfg = Debug|x64
		{AA62BCCE-0E49-4637-B3B8-76C7CFD12FCE}.Debug|x64.Build.0 = Debug|x64
		{AA62BCCE-0E49-4637-B3B8-76C7CFD12FCE}.Release|x64.ActiveCfg = Release|x64
		{AA62BCCE-0E49-4637-B3B8-76C7CFD12FCE}.Release|x64.Build.0 = Release|x64
	EndGlobalSection
	GlobalSection(SolutionProperties) = preSolution
		HideSolutionNode = FALSE
	EndGlobalSection
	GlobalSection(ExtensibilityGlobals) = postSolution
		SolutionGuid = {16352577-28B9-4DBF-87CA-1CB778A781E7}
	EndGlobalSection
EndGlobal
